
Microsoft Visual Studio Solution File, Format Version 12.00
# Visual Studio Version 17
VisualStudioVersion = 17.13.35806.99 d17.13
MinimumVisualStudioVersion = 10.0.40219.1
Project("{FAE04EC0-301F-11D3-BF4B-00C04F79EFBC}") = "TestWorkFlow", "TestWorkFlow\TestWorkFlow.csproj", "{5271A19F-CF3A-47F2-B951-930353D23688}"
EndProject
Global
	GlobalSection(SolutionConfigurationPlatforms) = preSolution
		Debug|Any CPU = Debug|Any CPU
		Release|Any CPU = Release|Any CPU
	EndGlobalSection
	GlobalSection(ProjectConfigurationPlatforms) = postSolution
		{5271A19F-CF3A-47F2-B951-930353D23688}.Debug|Any CPU.ActiveCfg = Debug|Any CPU
		{5271A19F-CF3A-47F2-B951-930353D23688}.Debug|Any CPU.Build.0 = Debug|Any CPU
		{5271A19F-CF3A-47F2-B951-930353D23688}.Release|Any CPU.ActiveCfg = Release|Any CPU
		{5271A19F-CF3A-47F2-B951-930353D23688}.Release|Any CPU.Build.0 = Release|Any CPU
	EndGlobalSection
	GlobalSection(SolutionProperties) = preSolution
		HideSolutionNode = FALSE
	EndGlobalSection
	GlobalSection(ExtensibilityGlobals) = postSolution
		SolutionGuid = {32D53C7B-D84B-49F6-9037-33ABCAC10973}
	EndGlobalSection
EndGlobal
